PackratFormat: 1.4
PackratVersion: 0.4.3
RVersion: 3.2.0
Repos: CRAN=http://cran.rstudio.com

Package: BH
Source: CRAN
Version: 1.58.0-1
Hash: e85f8550fd05942d46bc4ac2d6172779

Package: R6
Source: CRAN
Version: 2.1.1
Hash: cdf3067300135b335655c9502c393c00

Package: Rcpp
Source: CRAN
Version: 0.12.1
Hash: 2579665ce3c1e9962f6fc965b8f7d101

Package: bitops
Source: CRAN
Version: 1.0-6
Hash: cb26464a8321628636b547518994c931

Package: brew
Source: CRAN
Version: 1.0-6
Hash: 9d92cc5ac60123fdb7b0daa3ae83bf99

Package: caTools
Source: CRAN
Version: 1.17.1
Hash: bb5fdc266f716b8a289a4f92007d53e3
Requires: bitops

Package: curl
Source: CRAN
Version: 0.9.3
Hash: 81d62a000068387fb474d6b4ac828c68

Package: devtools
Source: CRAN
Version: 1.9.1
Hash: 52d3486d64d0f61ffda3e88d195b89af
Requires: curl, digest, evaluate, git2r, httr, jsonlite, memoise,
    roxygen2, rstudioapi, rversions, whisker

Package: digest
Source: CRAN
Version: 0.6.8
Hash: 89dc4c8734dad5322bb3c5c2af09056f

Package: evaluate
Source: CRAN
Version: 0.8
Hash: fc2cfbbd9fc4df850c1b4c799463891d
Requires: stringr

Package: formatR
Source: CRAN
Version: 1.2.1
Hash: 4bef90cfc1c7e0a7ac67ed556f65ca61

Package: git2r
Source: CRAN
Version: 0.11.0
Hash: bf3f6e889156648430385ae51e4f7813

Package: highr
Source: CRAN
Version: 0.5.1
Hash: f3698614a04c032e7715d80da21417c4

Package: htmltools
Source: CRAN
Version: 0.2.6
Hash: 2c87108d130de261ac3c468d3316ae42
Requires: digest

Package: httr
Source: CRAN
Version: 1.0.0
Hash: 4b4e449b79c0da232a1eace9d33c2e69
Requires: R6, curl, digest, jsonlite, mime, stringr

Package: jsonlite
Source: CRAN
Version: 0.9.17
Hash: 1ba0d54686c3979de6be13710facdd52

Package: knitr
Source: CRAN
Version: 1.11
Hash: d31c77797f1724e0588013ae84e61c69
Requires: digest, evaluate, formatR, highr, markdown, stringr, yaml

Package: magrittr
Source: CRAN
Version: 1.5
Hash: 38d492cf072bc9f3c73bda2aee3d0e23

Package: markdown
Source: CRAN
Version: 0.7.7
Hash: 3fdcd70d6d9a7067ffa051d143c48f4c
Requires: mime

Package: memoise
Source: CRAN
Version: 0.2.1
Hash: fc52fa39dfd216c44d64812ff31b1c67
Requires: digest

Package: mime
Source: CRAN
Version: 0.4
Hash: 7539cd616a3a73975a289e02ab2624db

Package: packrat
Source: CRAN
Version: 0.4.3
Hash: 16c72d5c802629fae5a4abca901e0199

Package: rmarkdown
Source: CRAN
Version: 0.8
Hash: 64b1d03398104edc92a714ec82b418a2
Requires: caTools, htmltools, knitr, yaml

Package: roxygen2
Source: CRAN
Version: 4.1.1
Hash: a8f169b897d0f1a668b197f742655eb5
Requires: Rcpp, brew, digest, stringr

Package: rstudioapi
Source: CRAN
Version: 0.3.1
Hash: ee415a4fe305c6222630d8e5572781e7

Package: rversions
Source: CRAN
Version: 1.0.2
Hash: e08f83d6f21ef64a778114648f4bf05a
Requires: curl, xml2

Package: stringi
Source: CRAN
Version: 0.5-5
Hash: 0a188df0d11aeb417f1e10f2ebdd14cd

Package: stringr
Source: CRAN
Version: 1.0.0
Hash: 513045488dcf8019cc2f4305dc7d1f90
Requires: magrittr, stringi

Package: whisker
Source: CRAN
Version: 0.3-2
Hash: 186ab2937fec1694c8a63009a2389c4e

Package: xml2
Source: CRAN
Version: 0.1.2
Hash: f72aed8821a39a70233ba99e20a47819
Requires: BH, Rcpp

Package: yaml
Source: CRAN
Version: 2.1.13
Hash: e5d041c001f6d641fd009c1f6ef7d831
